
Microsoft Visual Studio Solution File, Format Version 12.00
# Visual Studio Version 17
VisualStudioVersion = 17.3.32901.215
MinimumVisualStudioVersion = 10.0.40219.1
Project("{FAE04EC0-301F-11D3-BF4B-00C04F79EFBC}") = "WebServer", "WebServer\WebServer.csproj", "{BAEFC705-CF94-4007-B900-159C2F756CE5}"
EndProject
Global
	GlobalSection(SolutionConfigurationPlatforms) = preSolution
		Debug|Any CPU = Debug|Any CPU
		Release|Any CPU = Release|Any CPU
	EndGlobalSection
	GlobalSection(ProjectConfigurationPlatforms) = postSolution
		{BAEFC705-CF94-4007-B900-159C2F756CE5}.Debug|Any CPU.ActiveCfg = Debug|Any CPU
		{BAEFC705-CF94-4007-B900-159C2F756CE5}.Debug|Any CPU.Build.0 = Debug|Any CPU
		{BAEFC705-CF94-4007-B900-159C2F756CE5}.Release|Any CPU.ActiveCfg = Release|Any CPU
		{BAEFC705-CF94-4007-B900-159C2F756CE5}.Release|Any CPU.Build.0 = Release|Any CPU
	EndGlobalSection
	GlobalSection(SolutionProperties) = preSolution
		HideSolutionNode = FALSE
	EndGlobalSection
	GlobalSection(ExtensibilityGlobals) = postSolution
		SolutionGuid = {1BD61126-3C4D-4127-AEDE-5E2FBF5F1B5F}
	EndGlobalSection
EndGlobal
